
Microsoft Visual Studio Solution File, Format Version 12.00
# Visual Studio Version 16
VisualStudioVersion = 16.0.29306.81
MinimumVisualStudioVersion = 10.0.40219.1
Project("{FAE04EC0-301F-11D3-BF4B-00C04F79EFBC}") = "MyVet.Common", "MyVet.Common\MyVet.Common.csproj", "{12D83C4D-7FD5-4972-8463-41FFF611B41C}"
EndProject
Project("{FAE04EC0-301F-11D3-BF4B-00C04F79EFBC}") = "MyVet.Web", "MyVet.Web\MyVet.Web.csproj", "{69ABEF47-ABD7-4000-8C00-1D27EECD2D7D}"
EndProject
Global
	GlobalSection(SolutionConfigurationPlatforms) = preSolution
		Debug|Any CPU = Debug|Any CPU
		Release|Any CPU = Release|Any CPU
	EndGlobalSection
	GlobalSection(ProjectConfigurationPlatforms) = postSolution
		{12D83C4D-7FD5-4972-8463-41FFF611B41C}.Debug|Any CPU.ActiveCfg = Debug|Any CPU
		{12D83C4D-7FD5-4972-8463-41FFF611B41C}.Debug|Any CPU.Build.0 = Debug|Any CPU
		{12D83C4D-7FD5-4972-8463-41FFF611B41C}.Release|Any CPU.ActiveCfg = Release|Any CPU
		{12D83C4D-7FD5-4972-8463-41FFF611B41C}.Release|Any CPU.Build.0 = Release|Any CPU
		{69ABEF47-ABD7-4000-8C00-1D27EECD2D7D}.Debug|Any CPU.ActiveCfg = Debug|Any CPU
		{69ABEF47-ABD7-4000-8C00-1D27EECD2D7D}.Debug|Any CPU.Build.0 = Debug|Any CPU
		{69ABEF47-ABD7-4000-8C00-1D27EECD2D7D}.Release|Any CPU.ActiveCfg = Release|Any CPU
		{69ABEF47-ABD7-4000-8C00-1D27EECD2D7D}.Release|Any CPU.Build.0 = Release|Any CPU
	EndGlobalSection
	GlobalSection(SolutionProperties) = preSolution
		HideSolutionNode = FALSE
	EndGlobalSection
	GlobalSection(ExtensibilityGlobals) = postSolution
		SolutionGuid = {A6E6ACE6-A808-4FC5-8B5A-4B51FC34950C}
	EndGlobalSection
EndGlobal
